virion_bat_cov_output/trees/viruses_raxml.raxml.bestTree
virion_bat_cov_output/trees/viruses_raxml.raxml.support
virion_bat_cov_output/trees/viruses_raxml.raxml.bestModel
virion_bat_cov_output/trees/viruses_raxml.raxml.log
virion_bat_cov_output/trees/viruses_raxml.raxml.bootstraps
virion_bat_cov_output/trees/viruses_raxml.raxml.raxml.mlTrees
virion_bat_cov_output/trees/viruses_raxml.raxml.rba
virion_bat_cov_output/trees/viruses_raxml.raxml.startTree
virion_bat_cov_output/trees/raxml_analysis_summary.txt
virion_bat_cov_output/trees/hosts_raxml.raxml.bestTree
virion_bat_cov_output/trees/hosts_raxml.raxml.support
virion_bat_cov_output/trees/hosts_raxml.raxml.bestModel
virion_bat_cov_output/trees/hosts_raxml.raxml.log
virion_bat_cov_output/trees/hosts_raxml.raxml.bootstraps
virion_bat_cov_output/trees/hosts_raxml.raxml.raxml.mlTrees
virion_bat_cov_output/trees/hosts_raxml.raxml.rba
virion_bat_cov_output/trees/hosts_raxml.raxml.startTree
